
Microsoft Visual Studio Solution File, Format Version 12.00
# Visual Studio Version 18
VisualStudioVersion = 18.4.11612.150 stable
MinimumVisualStudioVersion = 10.0.40219.1
Project("{FAE04EC0-301F-11D3-BF4B-00C04F79EFBC}") = "One Block Sensors", "One Block Sensors.csproj", "{3212F2FE-AE11-AE6E-DC6B-32F4E319358C}"
EndProject
Global
	GlobalSection(SolutionConfigurationPlatforms) = preSolution
		Debug|Any CPU = Debug|Any CPU
		Release|Any CPU = Release|Any CPU
	EndGlobalSection
	GlobalSection(ProjectConfigurationPlatforms) = postSolution
		{3212F2FE-AE11-AE6E-DC6B-32F4E319358C}.Debug|Any CPU.ActiveCfg = Debug|Any CPU
		{3212F2FE-AE11-AE6E-DC6B-32F4E319358C}.Debug|Any CPU.Build.0 = Debug|Any CPU
		{3212F2FE-AE11-AE6E-DC6B-32F4E319358C}.Release|Any CPU.ActiveCfg = Release|Any CPU
		{3212F2FE-AE11-AE6E-DC6B-32F4E319358C}.Release|Any CPU.Build.0 = Release|Any CPU
	EndGlobalSection
	GlobalSection(SolutionProperties) = preSolution
		HideSolutionNode = FALSE
	EndGlobalSection
	GlobalSection(ExtensibilityGlobals) = postSolution
		SolutionGuid = {44C0743C-BC62-4F3B-8A25-CAEF6009C239}
	EndGlobalSection
EndGlobal
